
Microsoft Visual Studio Solution File, Format Version 12.00
# Visual Studio Version 16
VisualStudioVersion = 16.0.29609.76
MinimumVisualStudioVersion = 10.0.40219.1
Project("{9A19103F-16F7-4668-BE54-9A1E7A4F7556}") = "UserMedias", "SpondiaServices\UserMedias.csproj", "{2E8CCDA9-7332-4903-9203-97B8F7422C72}"
EndProject
Global
	GlobalSection(SolutionConfigurationPlatforms) = preSolution
		Debug|Any CPU = Debug|Any CPU
		Release|Any CPU = Release|Any CPU
	EndGlobalSection
	GlobalSection(ProjectConfigurationPlatforms) = postSolution
		{2E8CCDA9-7332-4903-9203-97B8F7422C72}.Debug|Any CPU.ActiveCfg = Debug|Any CPU
		{2E8CCDA9-7332-4903-9203-97B8F7422C72}.Debug|Any CPU.Build.0 = Debug|Any CPU
		{2E8CCDA9-7332-4903-9203-97B8F7422C72}.Release|Any CPU.ActiveCfg = Release|Any CPU
		{2E8CCDA9-7332-4903-9203-97B8F7422C72}.Release|Any CPU.Build.0 = Release|Any CPU
	EndGlobalSection
	GlobalSection(SolutionProperties) = preSolution
		HideSolutionNode = FALSE
	EndGlobalSection
	GlobalSection(ExtensibilityGlobals) = postSolution
		SolutionGuid = {C498E783-B1F8-4AF2-A4BE-D941C87BD53F}
	EndGlobalSection
EndGlobal
